
Microsoft Visual Studio Solution File, Format Version 12.00
# Visual Studio 2013
VisualStudioVersion = 12.0.21005.1
MinimumVisualStudioVersion = 10.0.40219.1
Project("{FAE04EC0-301F-11D3-BF4B-00C04F79EFBC}") = "2-1-Galleriet", "2-1-Galleriet\2-1-Galleriet.csproj", "{1F10EB91-CCF7-4139-BD8A-5F4474906611}"
EndProject
Global
	GlobalSection(SolutionConfigurationPlatforms) = preSolution
		Debug|Any CPU = Debug|Any CPU
		Release|Any CPU = Release|Any CPU
	EndGlobalSection
	GlobalSection(ProjectConfigurationPlatforms) = postSolution
		{1F10EB91-CCF7-4139-BD8A-5F4474906611}.Debug|Any CPU.ActiveCfg = Debug|Any CPU
		{1F10EB91-CCF7-4139-BD8A-5F4474906611}.Debug|Any CPU.Build.0 = Debug|Any CPU
		{1F10EB91-CCF7-4139-BD8A-5F4474906611}.Release|Any CPU.ActiveCfg = Release|Any CPU
		{1F10EB91-CCF7-4139-BD8A-5F4474906611}.Release|Any CPU.Build.0 = Release|Any CPU
	EndGlobalSection
	GlobalSection(SolutionProperties) = preSolution
		HideSolutionNode = FALSE
	EndGlobalSection
EndGlobal
